// !$*UTF8*$!
{
	archiveVersion = 1;
	classes = {
	};
	objectVersion = 56;
	objects = {

/* Begin PBXBuildFile section */
		105526E62A80503A009FFDE8 /* TeamBoomApp.swift in Sources */ = {isa = PBXBuildFile; fileRef = 105526E52A80503A009FFDE8 /* TeamBoomApp.swift */; };
		105526E82A80503A009FFDE8 /* ContentView.swift in Sources */ = {isa = PBXBuildFile; fileRef = 105526E72A80503A009FFDE8 /* ContentView.swift */; };
		105526EA2A80503C009FFDE8 /* Assets.xcassets in Resources */ = {isa = PBXBuildFile; fileRef = 105526E92A80503C009FFDE8 /* Assets.xcassets */; };
		105526ED2A80503C009FFDE8 /* Preview Assets.xcassets in Resources */ = {isa = PBXBuildFile; fileRef = 105526EC2A80503C009FFDE8 /* Preview Assets.xcassets */; };
		105526F42A80507F009FFDE8 /* .gitignore in Resources */ = {isa = PBXBuildFile; fileRef = 105526F32A80507F009FFDE8 /* .gitignore */; };
		105526F62A8057F8009FFDE8 /* Color + ext.swift in Sources */ = {isa = PBXBuildFile; fileRef = 105526F52A8057F8009FFDE8 /* Color + ext.swift */; };
		AC8C719A2A80E6EC0063F55F /* BackgroundGradView.swift in Sources */ = {isa = PBXBuildFile; fileRef = AC8C71992A80E6EC0063F55F /* BackgroundGradView.swift */; };
/* End PBXBuildFile section */

/* Begin PBXFileReference section */
		105526E22A80503A009FFDE8 /* TeamBoom.app */ = {isa = PBXFileReference; explicitFileType = wrapper.application; includeInIndex = 0; path = TeamBoom.app; sourceTree = BUILT_PRODUCTS_DIR; };
		105526E52A80503A009FFDE8 /* TeamBoomApp.swift */ = {isa = PBXFileReference; lastKnownFileType = sourcecode.swift; path = TeamBoomApp.swift; sourceTree = "<group>"; };
		105526E72A80503A009FFDE8 /* ContentView.swift */ = {isa = PBXFileReference; lastKnownFileType = sourcecode.swift; path = ContentView.swift; sourceTree = "<group>"; };
		105526E92A80503C009FFDE8 /* Assets.xcassets */ = {isa = PBXFileReference; lastKnownFileType = folder.assetcatalog; path = Assets.xcassets; sourceTree = "<group>"; };
		105526EC2A80503C009FFDE8 /* Preview Assets.xcassets */ = {isa = PBXFileReference; lastKnownFileType = folder.assetcatalog; path = "Preview Assets.xcassets"; sourceTree = "<group>"; };
		105526F32A80507F009FFDE8 /* .gitignore */ = {isa = PBXFileReference; lastKnownFileType = text; path = .gitignore; sourceTree = "<group>"; };
		105526F52A8057F8009FFDE8 /* Color + ext.swift */ = {isa = PBXFileReference; lastKnownFileType = sourcecode.swift; path = "Color + ext.swift"; sourceTree = "<group>"; };
		AC8C71992A80E6EC0063F55F /* BackgroundGradView.swift */ = {isa = PBXFileReference; lastKnownFileType = sourcecode.swift; path = BackgroundGradView.swift; sourceTree = "<group>"; };
/* End PBXFileReference section */

/* Begin PBXFrameworksBuildPhase section */
		105526DF2A80503A009FFDE8 /* Frameworks */ = {
			isa = PBXFrameworksBuildPhase;
			buildActionMask = 2147483647;
			files = (
			);
			runOnlyForDeploymentPostprocessing = 0;
		};
/* End PBXFrameworksBuildPhase section */

/* Begin PBXGroup section */
		105526D92A80503A009FFDE8 = {
			isa = PBXGroup;
			children = (
				105526F32A80507F009FFDE8 /* .gitignore */,
				105526E42A80503A009FFDE8 /* TeamBoom */,
				105526E32A80503A009FFDE8 /* Products */,
			);
			sourceTree = "<group>";
		};
		105526E32A80503A009FFDE8 /* Products */ = {
			isa = PBXGroup;
			children = (
				105526E22A80503A009FFDE8 /* TeamBoom.app */,
			);
			name = Products;
			sourceTree = "<group>";
		};
		105526E42A80503A009FFDE8 /* TeamBoom */ = {
			isa = PBXGroup;
			children = (
				105526E52A80503A009FFDE8 /* TeamBoomApp.swift */,
				105526E72A80503A009FFDE8 /* ContentView.swift */,
				AC8C71982A80E6CE0063F55F /* Views */,
				AC8C719D2A80E7AC0063F55F /* Extensions */,
				105526E92A80503C009FFDE8 /* Assets.xcassets */,
				105526EB2A80503C009FFDE8 /* Preview Content */,
			);
			path = TeamBoom;
			sourceTree = "<group>";
		};
		105526EB2A80503C009FFDE8 /* Preview Content */ = {
			isa = PBXGroup;
			children = (
				105526EC2A80503C009FFDE8 /* Preview Assets.xcassets */,
			);
			path = "Preview Content";
			sourceTree = "<group>";
		};
		AC8C71982A80E6CE0063F55F /* Views */ = {
			isa = PBXGroup;
			children = (
				AC8C71992A80E6EC0063F55F /* BackgroundGradView.swift */,
			);
			path = Views;
			sourceTree = "<group>";
		};
		AC8C719D2A80E7AC0063F55F /* Extensions */ = {
			isa = PBXGroup;
			children = (
				105526F52A8057F8009FFDE8 /* Color + ext.swift */,
			);
			path = Extensions;
			sourceTree = "<group>";
		};
/* End PBXGroup section */

/* Begin PBXNativeTarget section */
		105526E12A80503A009FFDE8 /* TeamBoom */ = {
			isa = PBXNativeTarget;
			buildConfigurationList = 105526F02A80503C009FFDE8 /* Build configuration list for PBXNativeTarget "TeamBoom" */;
			buildPhases = (
				105526DE2A80503A009FFDE8 /* Sources */,
				105526DF2A80503A009FFDE8 /* Frameworks */,
				105526E02A80503A009FFDE8 /* Resources */,
			);
			buildRules = (
			);
			dependencies = (
			);
			name = TeamBoom;
			productName = TeamBoom;
			productReference = 105526E22A80503A009FFDE8 /* TeamBoom.app */;
			productType = "com.apple.product-type.application";
		};
/* End PBXNativeTarget section */

/* Begin PBXProject section */
		105526DA2A80503A009FFDE8 /* Project object */ = {
			isa = PBXProject;
			attributes = {
				BuildIndependentTargetsInParallel = 1;
				LastSwiftUpdateCheck = 1430;
				LastUpgradeCheck = 1430;
				TargetAttributes = {
					105526E12A80503A009FFDE8 = {
						CreatedOnToolsVersion = 14.3.1;
					};
				};
			};
			buildConfigurationList = 105526DD2A80503A009FFDE8 /* Build configuration list for PBXProject "TeamBoom" */;
			compatibilityVersion = "Xcode 14.0";
			developmentRegion = en;
			hasScannedForEncodings = 0;
			knownRegions = (
				en,
				Base,
			);
			mainGroup = 105526D92A80503A009FFDE8;
			productRefGroup = 105526E32A80503A009FFDE8 /* Products */;
			projectDirPath = "";
			projectRoot = "";
			targets = (
				105526E12A80503A009FFDE8 /* TeamBoom */,
			);
		};
/* End PBXProject section */

/* Begin PBXResourcesBuildPhase section */
		105526E02A80503A009FFDE8 /* Resources */ = {
			isa = PBXResourcesBuildPhase;
			buildActionMask = 2147483647;
			files = (
				105526ED2A80503C009FFDE8 /* Preview Assets.xcassets in Resources */,
				105526F42A80507F009FFDE8 /* .gitignore in Resources */,
				105526EA2A80503C009FFDE8 /* Assets.xcassets in Resources */,
			);
			runOnlyForDeploymentPostprocessing = 0;
		};
/* End PBXResourcesBuildPhase section */

/* Begin PBXSourcesBuildPhase section */
		105526DE2A80503A009FFDE8 /* Sources */ = {
			isa = PBXSourcesBuildPhase;
			buildActionMask = 2147483647;
			files = (
				AC8C719A2A80E6EC0063F55F /* BackgroundGradView.swift in Sources */,
				105526E82A80503A009FFDE8 /* ContentView.swift in Sources */,
				105526F62A8057F8009FFDE8 /* Color + ext.swift in Sources */,
				105526E62A80503A009FFDE8 /* TeamBoomApp.swift in Sources */,
			);
			runOnlyForDeploymentPostprocessing = 0;
		};
/* End PBXSourcesBuildPhase section */

/* Begin XCBuildConfiguration section */
		105526EE2A80503C009FFDE8 /* Debug */ = {
			isa = XCBuildConfiguration;
			buildSettings = {
				ALWAYS_SEARCH_USER_PATHS = NO;
				CLANG_ANALYZER_NONNULL = YES;
				CLANG_ANALYZER_NUMBER_OBJECT_CONVERSION = YES_AGGRESSIVE;
				CLANG_CXX_LANGUAGE_STANDARD = "gnu++20";
				CLANG_ENABLE_MODULES = YES;
				CLANG_ENABLE_OBJC_ARC = YES;
				CLANG_ENABLE_OBJC_WEAK = YES;
				CLANG_WARN_BLOCK_CAPTURE_AUTORELEASING = YES;
				CLANG_WARN_BOOL_CONVERSION = YES;
				CLANG_WARN_COMMA = YES;
				CLANG_WARN_CONSTANT_CONVERSION = YES;
				CLANG_WARN_DEPRECATED_OBJC_IMPLEMENTATIONS = YES;
				CLANG_WARN_DIRECT_OBJC_ISA_USAGE = YES_ERROR;
				CLANG_WARN_DOCUMENTATION_COMMENTS = YES;
				CLANG_WARN_EMPTY_BODY = YES;
				CLANG_WARN_ENUM_CONVERSION = YES;
				CLANG_WARN_INFINITE_RECURSION = YES;
				CLANG_WARN_INT_CONVERSION = YES;
				CLANG_WARN_NON_LITERAL_NULL_CONVERSION = YES;
				CLANG_WARN_OBJC_IMPLICIT_RETAIN_SELF = YES;
				CLANG_WARN_OBJC_LITERAL_CONVERSION = YES;
				CLANG_WARN_OBJC_ROOT_CLASS = YES_ERROR;
				CLANG_WARN_QUOTED_INCLUDE_IN_FRAMEWORK_HEADER = YES;
				CLANG_WARN_RANGE_LOOP_ANALYSIS = YES;
				CLANG_WARN_STRICT_PROTOTYPES = YES;
				CLANG_WARN_SUSPICIOUS_MOVE = YES;
				CLANG_WARN_UNGUARDED_AVAILABILITY = YES_AGGRESSIVE;
				CLANG_WARN_UNREACHABLE_CODE = YES;
				CLANG_WARN__DUPLICATE_METHOD_MATCH = YES;
				COPY_PHASE_STRIP = NO;
				DEBUG_INFORMATION_FORMAT = dwarf;
				ENABLE_STRICT_OBJC_MSGSEND = YES;
				ENABLE_TESTABILITY = YES;
				GCC_C_LANGUAGE_STANDARD = gnu11;
				GCC_DYNAMIC_NO_PIC = NO;
				GCC_NO_COMMON_BLOCKS = YES;
				GCC_OPTIMIZATION_LEVEL = 0;
				GCC_PREPROCESSOR_DEFINITIONS = (
					"DEBUG=1",
					"$(inherited)",
				);
				GCC_WARN_64_TO_32_BIT_CONVERSION = YES;
				GCC_WARN_ABOUT_RETURN_TYPE = YES_ERROR;
				GCC_WARN_UNDECLARED_SELECTOR = YES;
				GCC_WARN_UNINITIALIZED_AUTOS = YES_AGGRESSIVE;
				GCC_WARN_UNUSED_FUNCTION = YES;
				GCC_WARN_UNUSED_VARIABLE = YES;
				IPHONEOS_DEPLOYMENT_TARGET = 16.4;
				MTL_ENABLE_DEBUG_INFO = INCLUDE_SOURCE;
				MTL_FAST_MATH = YES;
				ONLY_ACTIVE_ARCH = YES;
				SDKROOT = iphoneos;
				SWIFT_ACTIVE_COMPILATION_CONDITIONS = DEBUG;
				SWIFT_OPTIMIZATION_LEVEL = "-Onone";
			};
			name = Debug;
		};
		105526EF2A80503C009FFDE8 /* Release */ = {
			isa = XCBuildConfiguration;
			buildSettings = {
				ALWAYS_SEARCH_USER_PATHS = NO;
				CLANG_ANALYZER_NONNULL = YES;
				CLANG_ANALYZER_NUMBER_OBJECT_CONVERSION = YES_AGGRESSIVE;
				CLANG_CXX_LANGUAGE_STANDARD = "gnu++20";
				CLANG_ENABLE_MODULES = YES;
				CLANG_ENABLE_OBJC_ARC = YES;
				CLANG_ENABLE_OBJC_WEAK = YES;
				CLANG_WARN_BLOCK_CAPTURE_AUTORELEASING = YES;
				CLANG_WARN_BOOL_CONVERSION = YES;
				CLANG_WARN_COMMA = YES;
				CLANG_WARN_CONSTANT_CONVERSION = YES;
				CLANG_WARN_DEPRECATED_OBJC_IMPLEMENTATIONS = YES;
				CLANG_WARN_DIRECT_OBJC_ISA_USAGE = YES_ERROR;
				CLANG_WARN_DOCUMENTATION_COMMENTS = YES;
				CLANG_WARN_EMPTY_BODY = YES;
				CLANG_WARN_ENUM_CONVERSION = YES;
				CLANG_WARN_INFINITE_RECURSION = YES;
				CLANG_WARN_INT_CONVERSION = YES;
				CLANG_WARN_NON_LITERAL_NULL_CONVERSION = YES;
				CLANG_WARN_OBJC_IMPLICIT_RETAIN_SELF = YES;
				CLANG_WARN_OBJC_LITERAL_CONVERSION = YES;
				CLANG_WARN_OBJC_ROOT_CLASS = YES_ERROR;
				CLANG_WARN_QUOTED_INCLUDE_IN_FRAMEWORK_HEADER = YES;
				CLANG_WARN_RANGE_LOOP_ANALYSIS = YES;
				CLANG_WARN_STRICT_PROTOTYPES = YES;
				CLANG_WARN_SUSPICIOUS_MOVE = YES;
				CLANG_WARN_UNGUARDED_AVAILABILITY = YES_AGGRESSIVE;
				CLANG_WARN_UNREACHABLE_CODE = YES;
				CLANG_WARN__DUPLICATE_METHOD_MATCH = YES;
				COPY_PHASE_STRIP = NO;
				DEBUG_INFORMATION_FORMAT = "dwarf-with-dsym";
				ENABLE_NS_ASSERTIONS = NO;
				ENABLE_STRICT_OBJC_MSGSEND = YES;
				GCC_C_LANGUAGE_STANDARD = gnu11;
				GCC_NO_COMMON_BLOCKS = YES;
				GCC_WARN_64_TO_32_BIT_CONVERSION = YES;
				GCC_WARN_ABOUT_RETURN_TYPE = YES_ERROR;
				GCC_WARN_UNDECLARED_SELECTOR = YES;
				GCC_WARN_UNINITIALIZED_AUTOS = YES_AGGRESSIVE;
				GCC_WARN_UNUSED_FUNCTION = YES;
				GCC_WARN_UNUSED_VARIABLE = YES;
				IPHONEOS_DEPLOYMENT_TARGET = 16.4;
				MTL_ENABLE_DEBUG_INFO = NO;
				MTL_FAST_MATH = YES;
				SDKROOT = iphoneos;
				SWIFT_COMPILATION_MODE = wholemodule;
				SWIFT_OPTIMIZATION_LEVEL = "-O";
				VALIDATE_PRODUCT = YES;
			};
			name = Release;
		};
		105526F12A80503C009FFDE8 /* Debug */ = {
			isa = XCBuildConfiguration;
			buildSettings = {
				ASSETCATALOG_COMPILER_APPICON_NAME = AppIcon;
				ASSETCATALOG_COMPILER_GLOBAL_ACCENT_COLOR_NAME = AccentColor;
				CODE_SIGN_STYLE = Automatic;
				CURRENT_PROJECT_VERSION = 1;
				DEVELOPMENT_ASSET_PATHS = "\"TeamBoom/Preview Content\"";
				DEVELOPMENT_TEAM = N2CSX799P5;
				ENABLE_PREVIEWS = YES;
				GENERATE_INFOPLIST_FILE = YES;
				INFOPLIST_KEY_UIApplicationSceneManifest_Generation = YES;
				INFOPLIST_KEY_UIApplicationSupportsIndirectInputEvents = YES;
				INFOPLIST_KEY_UILaunchScreen_Generation = YES;
				INFOPLIST_KEY_UISupportedInterfaceOrientations = UIInterfaceOrientationPortrait;
				INFOPLIST_KEY_UISupportedInterfaceOrientations_iPad = "UIInterfaceOrientationLandscapeLeft UIInterfaceOrientationLandscapeRight UIInterfaceOrientationPortrait UIInterfaceOrientationPortraitUpsideDown";
				IPHONEOS_DEPLOYMENT_TARGET = 15.0;
				LD_RUNPATH_SEARCH_PATHS = (
					"$(inherited)",
					"@executable_path/Frameworks",
				);
				MARKETING_VERSION = 1.0;
				PRODUCT_BUNDLE_IDENTIFIER = com.zlibabaika.TeamBoom;
				PRODUCT_NAME = "$(TARGET_NAME)";
				SUPPORTED_PLATFORMS = "iphoneos iphonesimulator";
				SUPPORTS_MACCATALYST = NO;
				SUPPORTS_MAC_DESIGNED_FOR_IPHONE_IPAD = NO;
				SWIFT_EMIT_LOC_STRINGS = YES;
				SWIFT_VERSION = 5.0;
				TARGETED_DEVICE_FAMILY = 1;
			};
			name = Debug;
		};
		105526F22A80503C009FFDE8 /* Release */ = {
			isa = XCBuildConfiguration;
			buildSettings = {
				ASSETCATALOG_COMPILER_APPICON_NAME = AppIcon;
				ASSETCATALOG_COMPILER_GLOBAL_ACCENT_COLOR_NAME = AccentColor;
				CODE_SIGN_STYLE = Automatic;
				CURRENT_PROJECT_VERSION = 1;
				DEVELOPMENT_ASSET_PATHS = "\"TeamBoom/Preview Content\"";
				DEVELOPMENT_TEAM = N2CSX799P5;
				ENABLE_PREVIEWS = YES;
				GENERATE_INFOPLIST_FILE = YES;
				INFOPLIST_KEY_UIApplicationSceneManifest_Generation = YES;
				INFOPLIST_KEY_UIApplicationSupportsIndirectInputEvents = YES;
				INFOPLIST_KEY_UILaunchScreen_Generation = YES;
				INFOPLIST_KEY_UISupportedInterfaceOrientations = UIInterfaceOrientationPortrait;
				INFOPLIST_KEY_UISupportedInterfaceOrientations_iPad = "UIInterfaceOrientationLandscapeLeft UIInterfaceOrientationLandscapeRight UIInterfaceOrientationPortrait UIInterfaceOrientationPortraitUpsideDown";
				IPHONEOS_DEPLOYMENT_TARGET = 15.0;
				LD_RUNPATH_SEARCH_PATHS = (
					"$(inherited)",
					"@executable_path/Frameworks",
				);
				MARKETING_VERSION = 1.0;
				PRODUCT_BUNDLE_IDENTIFIER = com.zlibabaika.TeamBoom;
				PRODUCT_NAME = "$(TARGET_NAME)";
				SUPPORTED_PLATFORMS = "iphoneos iphonesimulator";
				SUPPORTS_MACCATALYST = NO;
				SUPPORTS_MAC_DESIGNED_FOR_IPHONE_IPAD = NO;
				SWIFT_EMIT_LOC_STRINGS = YES;
				SWIFT_VERSION = 5.0;
				TARGETED_DEVICE_FAMILY = 1;
			};
			name = Release;
		};
/* End XCBuildConfiguration section */

/* Begin XCConfigurationList section */
		105526DD2A80503A009FFDE8 /* Build configuration list for PBXProject "TeamBoom" */ = {
			isa = XCConfigurationList;
			buildConfigurations = (
				105526EE2A80503C009FFDE8 /* Debug */,
				105526EF2A80503C009FFDE8 /* Release */,
			);
			defaultConfigurationIsVisible = 0;
			defaultConfigurationName = Release;
		};
		105526F02A80503C009FFDE8 /* Build configuration list for PBXNativeTarget "TeamBoom" */ = {
			isa = XCConfigurationList;
			buildConfigurations = (
				105526F12A80503C009FFDE8 /* Debug */,
				105526F22A80503C009FFDE8 /* Release */,
			);
			defaultConfigurationIsVisible = 0;
			defaultConfigurationName = Release;
		};
/* End XCConfigurationList section */
	};
	rootObject = 105526DA2A80503A009FFDE8 /* Project object */;
}
