// !$*UTF8*$!
{
	archiveVersion = 1;
	classes = {
	};
	objectVersion = 56;
	objects = {

/* Begin PBXBuildFile section */
		0DB4C2C62A81603100E791B1 /* GameEndView.swift in Sources */ = {isa = PBXBuildFile; fileRef = 0DB4C2C52A81603100E791B1 /* GameEndView.swift */; };
		0DE93BD62A8142B400648218 /* MainView.swift in Sources */ = {isa = PBXBuildFile; fileRef = 0DE93BD52A8142B400648218 /* MainView.swift */; };
		105526E62A80503A009FFDE8 /* TeamBoomApp.swift in Sources */ = {isa = PBXBuildFile; fileRef = 105526E52A80503A009FFDE8 /* TeamBoomApp.swift */; };
		105526EA2A80503C009FFDE8 /* Assets.xcassets in Resources */ = {isa = PBXBuildFile; fileRef = 105526E92A80503C009FFDE8 /* Assets.xcassets */; };
		105526ED2A80503C009FFDE8 /* Preview Assets.xcassets in Resources */ = {isa = PBXBuildFile; fileRef = 105526EC2A80503C009FFDE8 /* Preview Assets.xcassets */; };
		105526F42A80507F009FFDE8 /* .gitignore in Resources */ = {isa = PBXBuildFile; fileRef = 105526F32A80507F009FFDE8 /* .gitignore */; };
		105526F62A8057F8009FFDE8 /* Color + ext.swift in Sources */ = {isa = PBXBuildFile; fileRef = 105526F52A8057F8009FFDE8 /* Color + ext.swift */; };
		10AE80102A812B5E0083A45E /* Bundle + ext.swift in Sources */ = {isa = PBXBuildFile; fileRef = 10AE800F2A812B5E0083A45E /* Bundle + ext.swift */; };
		A03DE5172A8107F800C5D279 /* CategoriesView.swift in Sources */ = {isa = PBXBuildFile; fileRef = A03DE5162A8107F800C5D279 /* CategoriesView.swift */; };
		A0D883CE2A82D9DA00961D89 /* GameStartView.swift in Sources */ = {isa = PBXBuildFile; fileRef = A0D883CD2A82D9DA00961D89 /* GameStartView.swift */; };
		A0D883D02A82DB9E00961D89 /* GameProcessView.swift in Sources */ = {isa = PBXBuildFile; fileRef = A0D883CF2A82DB9E00961D89 /* GameProcessView.swift */; };
		AC8C719A2A80E6EC0063F55F /* BackgroundGradView.swift in Sources */ = {isa = PBXBuildFile; fileRef = AC8C71992A80E6EC0063F55F /* BackgroundGradView.swift */; };
		AC8C71A12A8102270063F55F /* ButtonViewModifier.swift in Sources */ = {isa = PBXBuildFile; fileRef = AC8C71A02A8102270063F55F /* ButtonViewModifier.swift */; };
		AC8C71B12A8131250063F55F /* Lottie in Frameworks */ = {isa = PBXBuildFile; productRef = AC8C71B02A8131250063F55F /* Lottie */; };
		AC8C71B62A8131BC0063F55F /* LottieBombView.swift in Sources */ = {isa = PBXBuildFile; fileRef = AC8C71B52A8131BC0063F55F /* LottieBombView.swift */; };
		AC8C71B82A8131C60063F55F /* GameView.swift in Sources */ = {isa = PBXBuildFile; fileRef = AC8C71B72A8131C60063F55F /* GameView.swift */; };
		AC8C71BA2A8131EB0063F55F /* animation1.json in Resources */ = {isa = PBXBuildFile; fileRef = AC8C71B92A8131EB0063F55F /* animation1.json */; };
		AC8C72012A819F490063F55F /* PunishModel.swift in Sources */ = {isa = PBXBuildFile; fileRef = AC8C71FE2A819F490063F55F /* PunishModel.swift */; };
		AC8C72022A819F490063F55F /* CategoryModel.swift in Sources */ = {isa = PBXBuildFile; fileRef = AC8C71FF2A819F490063F55F /* CategoryModel.swift */; };
		AC8C72032A819F490063F55F /* GameModel.swift in Sources */ = {isa = PBXBuildFile; fileRef = AC8C72002A819F490063F55F /* GameModel.swift */; };
		AC8C72052A81A25E0063F55F /* funnyActions.json in Resources */ = {isa = PBXBuildFile; fileRef = AC8C72042A81A25E0063F55F /* funnyActions.json */; };
		AC8C72072A81A26D0063F55F /* categories.json in Resources */ = {isa = PBXBuildFile; fileRef = AC8C72062A81A26D0063F55F /* categories.json */; };
		ACD615542A8283C700FDD52D /* PlaySound.swift in Sources */ = {isa = PBXBuildFile; fileRef = ACD615532A8283C700FDD52D /* PlaySound.swift */; };
		ACD615562A8284D200FDD52D /* ticking.mp3 in Resources */ = {isa = PBXBuildFile; fileRef = ACD615552A8284D200FDD52D /* ticking.mp3 */; };
		ACD615582A8284DC00FDD52D /* backgroundMusic.mp3 in Resources */ = {isa = PBXBuildFile; fileRef = ACD615572A8284DC00FDD52D /* backgroundMusic.mp3 */; };
		ACD6155A2A8284EB00FDD52D /* explosion.mp3 in Resources */ = {isa = PBXBuildFile; fileRef = ACD615592A8284EB00FDD52D /* explosion.mp3 */; };
/* End PBXBuildFile section */

/* Begin PBXFileReference section */
		0DB4C2C52A81603100E791B1 /* GameEndView.swift */ = {isa = PBXFileReference; lastKnownFileType = sourcecode.swift; path = GameEndView.swift; sourceTree = "<group>"; };
		0DE93BD52A8142B400648218 /* MainView.swift */ = {isa = PBXFileReference; lastKnownFileType = sourcecode.swift; path = MainView.swift; sourceTree = "<group>"; };
		105526E22A80503A009FFDE8 /* TeamBoom.app */ = {isa = PBXFileReference; explicitFileType = wrapper.application; includeInIndex = 0; path = TeamBoom.app; sourceTree = BUILT_PRODUCTS_DIR; };
		105526E52A80503A009FFDE8 /* TeamBoomApp.swift */ = {isa = PBXFileReference; lastKnownFileType = sourcecode.swift; path = TeamBoomApp.swift; sourceTree = "<group>"; };
		105526E92A80503C009FFDE8 /* Assets.xcassets */ = {isa = PBXFileReference; lastKnownFileType = folder.assetcatalog; path = Assets.xcassets; sourceTree = "<group>"; };
		105526EC2A80503C009FFDE8 /* Preview Assets.xcassets */ = {isa = PBXFileReference; lastKnownFileType = folder.assetcatalog; path = "Preview Assets.xcassets"; sourceTree = "<group>"; };
		105526F32A80507F009FFDE8 /* .gitignore */ = {isa = PBXFileReference; lastKnownFileType = text; path = .gitignore; sourceTree = "<group>"; };
		105526F52A8057F8009FFDE8 /* Color + ext.swift */ = {isa = PBXFileReference; lastKnownFileType = sourcecode.swift; path = "Color + ext.swift"; sourceTree = "<group>"; };
		10AE800F2A812B5E0083A45E /* Bundle + ext.swift */ = {isa = PBXFileReference; lastKnownFileType = sourcecode.swift; path = "Bundle + ext.swift"; sourceTree = "<group>"; };
		A03DE5162A8107F800C5D279 /* CategoriesView.swift */ = {isa = PBXFileReference; lastKnownFileType = sourcecode.swift; path = CategoriesView.swift; sourceTree = "<group>"; };
		A0D883CD2A82D9DA00961D89 /* GameStartView.swift */ = {isa = PBXFileReference; lastKnownFileType = sourcecode.swift; path = GameStartView.swift; sourceTree = "<group>"; };
		A0D883CF2A82DB9E00961D89 /* GameProcessView.swift */ = {isa = PBXFileReference; lastKnownFileType = sourcecode.swift; path = GameProcessView.swift; sourceTree = "<group>"; };
		AC8C71992A80E6EC0063F55F /* BackgroundGradView.swift */ = {isa = PBXFileReference; lastKnownFileType = sourcecode.swift; path = BackgroundGradView.swift; sourceTree = "<group>"; };
		AC8C71A02A8102270063F55F /* ButtonViewModifier.swift */ = {isa = PBXFileReference; lastKnownFileType = sourcecode.swift; path = ButtonViewModifier.swift; sourceTree = "<group>"; };
		AC8C71B52A8131BC0063F55F /* LottieBombView.swift */ = {isa = PBXFileReference; fileEncoding = 4; lastKnownFileType = sourcecode.swift; path = LottieBombView.swift; sourceTree = "<group>"; };
		AC8C71B72A8131C60063F55F /* GameView.swift */ = {isa = PBXFileReference; fileEncoding = 4; lastKnownFileType = sourcecode.swift; path = GameView.swift; sourceTree = "<group>"; };
		AC8C71B92A8131EB0063F55F /* animation1.json */ = {isa = PBXFileReference; fileEncoding = 4; lastKnownFileType = text.json; path = animation1.json; sourceTree = "<group>"; };
		AC8C71FE2A819F490063F55F /* PunishModel.swift */ = {isa = PBXFileReference; fileEncoding = 4; lastKnownFileType = sourcecode.swift; path = PunishModel.swift; sourceTree = "<group>"; };
		AC8C71FF2A819F490063F55F /* CategoryModel.swift */ = {isa = PBXFileReference; fileEncoding = 4; lastKnownFileType = sourcecode.swift; path = CategoryModel.swift; sourceTree = "<group>"; };
		AC8C72002A819F490063F55F /* GameModel.swift */ = {isa = PBXFileReference; fileEncoding = 4; lastKnownFileType = sourcecode.swift; path = GameModel.swift; sourceTree = "<group>"; };
		AC8C72042A81A25E0063F55F /* funnyActions.json */ = {isa = PBXFileReference; fileEncoding = 4; lastKnownFileType = text.json; path = funnyActions.json; sourceTree = "<group>"; };
		AC8C72062A81A26D0063F55F /* categories.json */ = {isa = PBXFileReference; fileEncoding = 4; lastKnownFileType = text.json; path = categories.json; sourceTree = "<group>"; };
		ACD615532A8283C700FDD52D /* PlaySound.swift */ = {isa = PBXFileReference; fileEncoding = 4; lastKnownFileType = sourcecode.swift; path = PlaySound.swift; sourceTree = "<group>"; };
		ACD615552A8284D200FDD52D /* ticking.mp3 */ = {isa = PBXFileReference; lastKnownFileType = audio.mp3; path = ticking.mp3; sourceTree = "<group>"; };
		ACD615572A8284DC00FDD52D /* backgroundMusic.mp3 */ = {isa = PBXFileReference; lastKnownFileType = audio.mp3; path = backgroundMusic.mp3; sourceTree = "<group>"; };
		ACD615592A8284EB00FDD52D /* explosion.mp3 */ = {isa = PBXFileReference; lastKnownFileType = audio.mp3; path = explosion.mp3; sourceTree = "<group>"; };
/* End PBXFileReference section */

/* Begin PBXFrameworksBuildPhase section */
		105526DF2A80503A009FFDE8 /* Frameworks */ = {
			isa = PBXFrameworksBuildPhase;
			buildActionMask = 2147483647;
			files = (
				AC8C71B12A8131250063F55F /* Lottie in Frameworks */,
			);
			runOnlyForDeploymentPostprocessing = 0;
		};
/* End PBXFrameworksBuildPhase section */

/* Begin PBXGroup section */
		105526D92A80503A009FFDE8 = {
			isa = PBXGroup;
			children = (
				105526F32A80507F009FFDE8 /* .gitignore */,
				105526E42A80503A009FFDE8 /* TeamBoom */,
				105526E32A80503A009FFDE8 /* Products */,
			);
			sourceTree = "<group>";
		};
		105526E32A80503A009FFDE8 /* Products */ = {
			isa = PBXGroup;
			children = (
				105526E22A80503A009FFDE8 /* TeamBoom.app */,
			);
			name = Products;
			sourceTree = "<group>";
		};
		105526E42A80503A009FFDE8 /* TeamBoom */ = {
			isa = PBXGroup;
			children = (
				105526E52A80503A009FFDE8 /* TeamBoomApp.swift */,
				A07ABD092A825B9E00B4B5B8 /* Screens */,
				AC8C72082A81A55A0063F55F /* Models */,
				AC8C71982A80E6CE0063F55F /* Views */,
				AC8C719D2A80E7AC0063F55F /* Extensions */,
				ACD615522A8283A800FDD52D /* Sounds */,
				A07ABD0A2A825BC400B4B5B8 /* JSONs */,
				105526E92A80503C009FFDE8 /* Assets.xcassets */,
				105526EB2A80503C009FFDE8 /* Preview Content */,
			);
			path = TeamBoom;
			sourceTree = "<group>";
		};
		105526EB2A80503C009FFDE8 /* Preview Content */ = {
			isa = PBXGroup;
			children = (
				105526EC2A80503C009FFDE8 /* Preview Assets.xcassets */,
			);
			path = "Preview Content";
			sourceTree = "<group>";
		};
		A07ABD092A825B9E00B4B5B8 /* Screens */ = {
			isa = PBXGroup;
			children = (
				0DE93BD52A8142B400648218 /* MainView.swift */,
				A03DE5162A8107F800C5D279 /* CategoriesView.swift */,
				A0D883D12A82E2E200961D89 /* GameView */,
			);
			path = Screens;
			sourceTree = "<group>";
		};
		A07ABD0A2A825BC400B4B5B8 /* JSONs */ = {
			isa = PBXGroup;
			children = (
				AC8C71B92A8131EB0063F55F /* animation1.json */,
				AC8C72042A81A25E0063F55F /* funnyActions.json */,
				AC8C72062A81A26D0063F55F /* categories.json */,
			);
			path = JSONs;
			sourceTree = "<group>";
		};
		A0D883D12A82E2E200961D89 /* GameView */ = {
			isa = PBXGroup;
			children = (
				AC8C71B72A8131C60063F55F /* GameView.swift */,
				A0D883CF2A82DB9E00961D89 /* GameProcessView.swift */,
				A0D883CD2A82D9DA00961D89 /* GameStartView.swift */,
				0DB4C2C52A81603100E791B1 /* GameEndView.swift */,
			);
			path = GameView;
			sourceTree = "<group>";
		};
		AC8C71982A80E6CE0063F55F /* Views */ = {
			isa = PBXGroup;
			children = (
				AC8C71A02A8102270063F55F /* ButtonViewModifier.swift */,
				AC8C71B52A8131BC0063F55F /* LottieBombView.swift */,
				AC8C71992A80E6EC0063F55F /* BackgroundGradView.swift */,
			);
			path = Views;
			sourceTree = "<group>";
		};
		AC8C719D2A80E7AC0063F55F /* Extensions */ = {
			isa = PBXGroup;
			children = (
				105526F52A8057F8009FFDE8 /* Color + ext.swift */,
				10AE800F2A812B5E0083A45E /* Bundle + ext.swift */,
			);
			path = Extensions;
			sourceTree = "<group>";
		};
		AC8C72082A81A55A0063F55F /* Models */ = {
			isa = PBXGroup;
			children = (
				AC8C72002A819F490063F55F /* GameModel.swift */,
				AC8C71FE2A819F490063F55F /* PunishModel.swift */,
				AC8C71FF2A819F490063F55F /* CategoryModel.swift */,
			);
			path = Models;
			sourceTree = "<group>";
		};
		ACD615522A8283A800FDD52D /* Sounds */ = {
			isa = PBXGroup;
			children = (
				ACD615532A8283C700FDD52D /* PlaySound.swift */,
				ACD615592A8284EB00FDD52D /* explosion.mp3 */,
				ACD615552A8284D200FDD52D /* ticking.mp3 */,
				ACD615572A8284DC00FDD52D /* backgroundMusic.mp3 */,
			);
			path = Sounds;
			sourceTree = "<group>";
		};
/* End PBXGroup section */

/* Begin PBXNativeTarget section */
		105526E12A80503A009FFDE8 /* TeamBoom */ = {
			isa = PBXNativeTarget;
			buildConfigurationList = 105526F02A80503C009FFDE8 /* Build configuration list for PBXNativeTarget "TeamBoom" */;
			buildPhases = (
				105526DE2A80503A009FFDE8 /* Sources */,
				105526DF2A80503A009FFDE8 /* Frameworks */,
				105526E02A80503A009FFDE8 /* Resources */,
				AC8C71A22A810A0D0063F55F /* ShellScript */,
			);
			buildRules = (
			);
			dependencies = (
			);
			name = TeamBoom;
			packageProductDependencies = (
				AC8C71B02A8131250063F55F /* Lottie */,
			);
			productName = TeamBoom;
			productReference = 105526E22A80503A009FFDE8 /* TeamBoom.app */;
			productType = "com.apple.product-type.application";
		};
/* End PBXNativeTarget section */

/* Begin PBXProject section */
		105526DA2A80503A009FFDE8 /* Project object */ = {
			isa = PBXProject;
			attributes = {
				BuildIndependentTargetsInParallel = 1;
				LastSwiftUpdateCheck = 1430;
				LastUpgradeCheck = 1430;
				TargetAttributes = {
					105526E12A80503A009FFDE8 = {
						CreatedOnToolsVersion = 14.3.1;
					};
				};
			};
			buildConfigurationList = 105526DD2A80503A009FFDE8 /* Build configuration list for PBXProject "TeamBoom" */;
			compatibilityVersion = "Xcode 14.0";
			developmentRegion = en;
			hasScannedForEncodings = 0;
			knownRegions = (
				en,
				Base,
			);
			mainGroup = 105526D92A80503A009FFDE8;
			packageReferences = (
				AC8C71AF2A8131250063F55F /* XCRemoteSwiftPackageReference "lottie-ios" */,
			);
			productRefGroup = 105526E32A80503A009FFDE8 /* Products */;
			projectDirPath = "";
			projectRoot = "";
			targets = (
				105526E12A80503A009FFDE8 /* TeamBoom */,
			);
		};
/* End PBXProject section */

/* Begin PBXResourcesBuildPhase section */
		105526E02A80503A009FFDE8 /* Resources */ = {
			isa = PBXResourcesBuildPhase;
			buildActionMask = 2147483647;
			files = (
				ACD615562A8284D200FDD52D /* ticking.mp3 in Resources */,
				AC8C71BA2A8131EB0063F55F /* animation1.json in Resources */,
				AC8C72072A81A26D0063F55F /* categories.json in Resources */,
				105526ED2A80503C009FFDE8 /* Preview Assets.xcassets in Resources */,
				ACD6155A2A8284EB00FDD52D /* explosion.mp3 in Resources */,
				AC8C72052A81A25E0063F55F /* funnyActions.json in Resources */,
				105526F42A80507F009FFDE8 /* .gitignore in Resources */,
				ACD615582A8284DC00FDD52D /* backgroundMusic.mp3 in Resources */,
				105526EA2A80503C009FFDE8 /* Assets.xcassets in Resources */,
			);
			runOnlyForDeploymentPostprocessing = 0;
		};
/* End PBXResourcesBuildPhase section */

/* Begin PBXShellScriptBuildPhase section */
		AC8C71A22A810A0D0063F55F /* ShellScript */ = {
			isa = PBXShellScriptBuildPhase;
			buildActionMask = 2147483647;
			files = (
			);
			inputFileListPaths = (
			);
			inputPaths = (
			);
			outputFileListPaths = (
			);
			outputPaths = (
			);
			runOnlyForDeploymentPostprocessing = 0;
			shellPath = /bin/sh;
			shellScript = "if [[ \"$(uname -m)\" == arm64 ]]; then\n    export PATH=\"/opt/homebrew/bin:$PATH\"\nfi\n\nif which swiftlint > /dev/null; then\n  swiftlint\nelse\n  echo \"warning: SwiftLint not installed, download from https://github.com/realm/SwiftLint\"\nfi \n";
		};
/* End PBXShellScriptBuildPhase section */

/* Begin PBXSourcesBuildPhase section */
		105526DE2A80503A009FFDE8 /* Sources */ = {
			isa = PBXSourcesBuildPhase;
			buildActionMask = 2147483647;
			files = (
				AC8C72012A819F490063F55F /* PunishModel.swift in Sources */,
				ACD615542A8283C700FDD52D /* PlaySound.swift in Sources */,
				AC8C719A2A80E6EC0063F55F /* BackgroundGradView.swift in Sources */,
				AC8C71A12A8102270063F55F /* ButtonViewModifier.swift in Sources */,
				A0D883D02A82DB9E00961D89 /* GameProcessView.swift in Sources */,
				AC8C72032A819F490063F55F /* GameModel.swift in Sources */,
				A03DE5172A8107F800C5D279 /* CategoriesView.swift in Sources */,
				AC8C71B62A8131BC0063F55F /* LottieBombView.swift in Sources */,
				AC8C71B82A8131C60063F55F /* GameView.swift in Sources */,
				105526F62A8057F8009FFDE8 /* Color + ext.swift in Sources */,
				0DB4C2C62A81603100E791B1 /* GameEndView.swift in Sources */,
				10AE80102A812B5E0083A45E /* Bundle + ext.swift in Sources */,
				A0D883CE2A82D9DA00961D89 /* GameStartView.swift in Sources */,
				AC8C72022A819F490063F55F /* CategoryModel.swift in Sources */,
				105526E62A80503A009FFDE8 /* TeamBoomApp.swift in Sources */,
				0DE93BD62A8142B400648218 /* MainView.swift in Sources */,
			);
			runOnlyForDeploymentPostprocessing = 0;
		};
/* End PBXSourcesBuildPhase section */

/* Begin XCBuildConfiguration section */
		105526EE2A80503C009FFDE8 /* Debug */ = {
			isa = XCBuildConfiguration;
			buildSettings = {
				ALWAYS_SEARCH_USER_PATHS = NO;
				CLANG_ANALYZER_NONNULL = YES;
				CLANG_ANALYZER_NUMBER_OBJECT_CONVERSION = YES_AGGRESSIVE;
				CLANG_CXX_LANGUAGE_STANDARD = "gnu++20";
				CLANG_ENABLE_MODULES = YES;
				CLANG_ENABLE_OBJC_ARC = YES;
				CLANG_ENABLE_OBJC_WEAK = YES;
				CLANG_WARN_BLOCK_CAPTURE_AUTORELEASING = YES;
				CLANG_WARN_BOOL_CONVERSION = YES;
				CLANG_WARN_COMMA = YES;
				CLANG_WARN_CONSTANT_CONVERSION = YES;
				CLANG_WARN_DEPRECATED_OBJC_IMPLEMENTATIONS = YES;
				CLANG_WARN_DIRECT_OBJC_ISA_USAGE = YES_ERROR;
				CLANG_WARN_DOCUMENTATION_COMMENTS = YES;
				CLANG_WARN_EMPTY_BODY = YES;
				CLANG_WARN_ENUM_CONVERSION = YES;
				CLANG_WARN_INFINITE_RECURSION = YES;
				CLANG_WARN_INT_CONVERSION = YES;
				CLANG_WARN_NON_LITERAL_NULL_CONVERSION = YES;
				CLANG_WARN_OBJC_IMPLICIT_RETAIN_SELF = YES;
				CLANG_WARN_OBJC_LITERAL_CONVERSION = YES;
				CLANG_WARN_OBJC_ROOT_CLASS = YES_ERROR;
				CLANG_WARN_QUOTED_INCLUDE_IN_FRAMEWORK_HEADER = YES;
				CLANG_WARN_RANGE_LOOP_ANALYSIS = YES;
				CLANG_WARN_STRICT_PROTOTYPES = YES;
				CLANG_WARN_SUSPICIOUS_MOVE = YES;
				CLANG_WARN_UNGUARDED_AVAILABILITY = YES_AGGRESSIVE;
				CLANG_WARN_UNREACHABLE_CODE = YES;
				CLANG_WARN__DUPLICATE_METHOD_MATCH = YES;
				COPY_PHASE_STRIP = NO;
				DEBUG_INFORMATION_FORMAT = dwarf;
				ENABLE_STRICT_OBJC_MSGSEND = YES;
				ENABLE_TESTABILITY = YES;
				GCC_C_LANGUAGE_STANDARD = gnu11;
				GCC_DYNAMIC_NO_PIC = NO;
				GCC_NO_COMMON_BLOCKS = YES;
				GCC_OPTIMIZATION_LEVEL = 0;
				GCC_PREPROCESSOR_DEFINITIONS = (
					"DEBUG=1",
					"$(inherited)",
				);
				GCC_WARN_64_TO_32_BIT_CONVERSION = YES;
				GCC_WARN_ABOUT_RETURN_TYPE = YES_ERROR;
				GCC_WARN_UNDECLARED_SELECTOR = YES;
				GCC_WARN_UNINITIALIZED_AUTOS = YES_AGGRESSIVE;
				GCC_WARN_UNUSED_FUNCTION = YES;
				GCC_WARN_UNUSED_VARIABLE = YES;
				IPHONEOS_DEPLOYMENT_TARGET = 16.4;
				MTL_ENABLE_DEBUG_INFO = INCLUDE_SOURCE;
				MTL_FAST_MATH = YES;
				ONLY_ACTIVE_ARCH = YES;
				SDKROOT = iphoneos;
				SWIFT_ACTIVE_COMPILATION_CONDITIONS = DEBUG;
				SWIFT_OPTIMIZATION_LEVEL = "-Onone";
			};
			name = Debug;
		};
		105526EF2A80503C009FFDE8 /* Release */ = {
			isa = XCBuildConfiguration;
			buildSettings = {
				ALWAYS_SEARCH_USER_PATHS = NO;
				CLANG_ANALYZER_NONNULL = YES;
				CLANG_ANALYZER_NUMBER_OBJECT_CONVERSION = YES_AGGRESSIVE;
				CLANG_CXX_LANGUAGE_STANDARD = "gnu++20";
				CLANG_ENABLE_MODULES = YES;
				CLANG_ENABLE_OBJC_ARC = YES;
				CLANG_ENABLE_OBJC_WEAK = YES;
				CLANG_WARN_BLOCK_CAPTURE_AUTORELEASING = YES;
				CLANG_WARN_BOOL_CONVERSION = YES;
				CLANG_WARN_COMMA = YES;
				CLANG_WARN_CONSTANT_CONVERSION = YES;
				CLANG_WARN_DEPRECATED_OBJC_IMPLEMENTATIONS = YES;
				CLANG_WARN_DIRECT_OBJC_ISA_USAGE = YES_ERROR;
				CLANG_WARN_DOCUMENTATION_COMMENTS = YES;
				CLANG_WARN_EMPTY_BODY = YES;
				CLANG_WARN_ENUM_CONVERSION = YES;
				CLANG_WARN_INFINITE_RECURSION = YES;
				CLANG_WARN_INT_CONVERSION = YES;
				CLANG_WARN_NON_LITERAL_NULL_CONVERSION = YES;
				CLANG_WARN_OBJC_IMPLICIT_RETAIN_SELF = YES;
				CLANG_WARN_OBJC_LITERAL_CONVERSION = YES;
				CLANG_WARN_OBJC_ROOT_CLASS = YES_ERROR;
				CLANG_WARN_QUOTED_INCLUDE_IN_FRAMEWORK_HEADER = YES;
				CLANG_WARN_RANGE_LOOP_ANALYSIS = YES;
				CLANG_WARN_STRICT_PROTOTYPES = YES;
				CLANG_WARN_SUSPICIOUS_MOVE = YES;
				CLANG_WARN_UNGUARDED_AVAILABILITY = YES_AGGRESSIVE;
				CLANG_WARN_UNREACHABLE_CODE = YES;
				CLANG_WARN__DUPLICATE_METHOD_MATCH = YES;
				COPY_PHASE_STRIP = NO;
				DEBUG_INFORMATION_FORMAT = "dwarf-with-dsym";
				ENABLE_NS_ASSERTIONS = NO;
				ENABLE_STRICT_OBJC_MSGSEND = YES;
				GCC_C_LANGUAGE_STANDARD = gnu11;
				GCC_NO_COMMON_BLOCKS = YES;
				GCC_WARN_64_TO_32_BIT_CONVERSION = YES;
				GCC_WARN_ABOUT_RETURN_TYPE = YES_ERROR;
				GCC_WARN_UNDECLARED_SELECTOR = YES;
				GCC_WARN_UNINITIALIZED_AUTOS = YES_AGGRESSIVE;
				GCC_WARN_UNUSED_FUNCTION = YES;
				GCC_WARN_UNUSED_VARIABLE = YES;
				IPHONEOS_DEPLOYMENT_TARGET = 16.4;
				MTL_ENABLE_DEBUG_INFO = NO;
				MTL_FAST_MATH = YES;
				SDKROOT = iphoneos;
				SWIFT_COMPILATION_MODE = wholemodule;
				SWIFT_OPTIMIZATION_LEVEL = "-O";
				VALIDATE_PRODUCT = YES;
			};
			name = Release;
		};
		105526F12A80503C009FFDE8 /* Debug */ = {
			isa = XCBuildConfiguration;
			buildSettings = {
				ASSETCATALOG_COMPILER_APPICON_NAME = AppIcon;
				ASSETCATALOG_COMPILER_GLOBAL_ACCENT_COLOR_NAME = AccentColor;
				CODE_SIGN_STYLE = Automatic;
				CURRENT_PROJECT_VERSION = 1;
				DEVELOPMENT_ASSET_PATHS = "\"TeamBoom/Preview Content\"";
				DEVELOPMENT_TEAM = N2CSX799P5;
				ENABLE_PREVIEWS = YES;
				GENERATE_INFOPLIST_FILE = YES;
				INFOPLIST_KEY_UIApplicationSceneManifest_Generation = YES;
				INFOPLIST_KEY_UIApplicationSupportsIndirectInputEvents = YES;
				INFOPLIST_KEY_UILaunchScreen_Generation = YES;
				INFOPLIST_KEY_UISupportedInterfaceOrientations = UIInterfaceOrientationPortrait;
				INFOPLIST_KEY_UISupportedInterfaceOrientations_iPad = "UIInterfaceOrientationLandscapeLeft UIInterfaceOrientationLandscapeRight UIInterfaceOrientationPortrait UIInterfaceOrientationPortraitUpsideDown";
				IPHONEOS_DEPLOYMENT_TARGET = 15.0;
				LD_RUNPATH_SEARCH_PATHS = (
					"$(inherited)",
					"@executable_path/Frameworks",
				);
				MARKETING_VERSION = 1.0;
				PRODUCT_BUNDLE_IDENTIFIER = com.zlibabaika.TeamBoom;
				PRODUCT_NAME = "$(TARGET_NAME)";
				SUPPORTED_PLATFORMS = "iphoneos iphonesimulator";
				SUPPORTS_MACCATALYST = NO;
				SUPPORTS_MAC_DESIGNED_FOR_IPHONE_IPAD = NO;
				SWIFT_EMIT_LOC_STRINGS = YES;
				SWIFT_VERSION = 5.0;
				TARGETED_DEVICE_FAMILY = 1;
			};
			name = Debug;
		};
		105526F22A80503C009FFDE8 /* Release */ = {
			isa = XCBuildConfiguration;
			buildSettings = {
				ASSETCATALOG_COMPILER_APPICON_NAME = AppIcon;
				ASSETCATALOG_COMPILER_GLOBAL_ACCENT_COLOR_NAME = AccentColor;
				CODE_SIGN_STYLE = Automatic;
				CURRENT_PROJECT_VERSION = 1;
				DEVELOPMENT_ASSET_PATHS = "\"TeamBoom/Preview Content\"";
				DEVELOPMENT_TEAM = N2CSX799P5;
				ENABLE_PREVIEWS = YES;
				GENERATE_INFOPLIST_FILE = YES;
				INFOPLIST_KEY_UIApplicationSceneManifest_Generation = YES;
				INFOPLIST_KEY_UIApplicationSupportsIndirectInputEvents = YES;
				INFOPLIST_KEY_UILaunchScreen_Generation = YES;
				INFOPLIST_KEY_UISupportedInterfaceOrientations = UIInterfaceOrientationPortrait;
				INFOPLIST_KEY_UISupportedInterfaceOrientations_iPad = "UIInterfaceOrientationLandscapeLeft UIInterfaceOrientationLandscapeRight UIInterfaceOrientationPortrait UIInterfaceOrientationPortraitUpsideDown";
				IPHONEOS_DEPLOYMENT_TARGET = 15.0;
				LD_RUNPATH_SEARCH_PATHS = (
					"$(inherited)",
					"@executable_path/Frameworks",
				);
				MARKETING_VERSION = 1.0;
				PRODUCT_BUNDLE_IDENTIFIER = com.zlibabaika.TeamBoom;
				PRODUCT_NAME = "$(TARGET_NAME)";
				SUPPORTED_PLATFORMS = "iphoneos iphonesimulator";
				SUPPORTS_MACCATALYST = NO;
				SUPPORTS_MAC_DESIGNED_FOR_IPHONE_IPAD = NO;
				SWIFT_EMIT_LOC_STRINGS = YES;
				SWIFT_VERSION = 5.0;
				TARGETED_DEVICE_FAMILY = 1;
			};
			name = Release;
		};
/* End XCBuildConfiguration section */

/* Begin XCConfigurationList section */
		105526DD2A80503A009FFDE8 /* Build configuration list for PBXProject "TeamBoom" */ = {
			isa = XCConfigurationList;
			buildConfigurations = (
				105526EE2A80503C009FFDE8 /* Debug */,
				105526EF2A80503C009FFDE8 /* Release */,
			);
			defaultConfigurationIsVisible = 0;
			defaultConfigurationName = Release;
		};
		105526F02A80503C009FFDE8 /* Build configuration list for PBXNativeTarget "TeamBoom" */ = {
			isa = XCConfigurationList;
			buildConfigurations = (
				105526F12A80503C009FFDE8 /* Debug */,
				105526F22A80503C009FFDE8 /* Release */,
			);
			defaultConfigurationIsVisible = 0;
			defaultConfigurationName = Release;
		};
/* End XCConfigurationList section */

/* Begin XCRemoteSwiftPackageReference section */
		AC8C71AF2A8131250063F55F /* XCRemoteSwiftPackageReference "lottie-ios" */ = {
			isa = XCRemoteSwiftPackageReference;
			repositoryURL = "https://github.com/airbnb/lottie-ios.git";
			requirement = {
				kind = upToNextMajorVersion;
				minimumVersion = 4.0.0;
			};
		};
/* End XCRemoteSwiftPackageReference section */

/* Begin XCSwiftPackageProductDependency section */
		AC8C71B02A8131250063F55F /* Lottie */ = {
			isa = XCSwiftPackageProductDependency;
			package = AC8C71AF2A8131250063F55F /* XCRemoteSwiftPackageReference "lottie-ios" */;
			productName = Lottie;
		};
/* End XCSwiftPackageProductDependency section */
	};
	rootObject = 105526DA2A80503A009FFDE8 /* Project object */;
}
